PATH
  remote: ..
  specs:
    uberloader (0.0.1)
      activerecord (>= 6.0, < 7.2)

GEM
  remote: https://rubygems.org/
  specs:
    activemodel (7.1.1)
      activesupport (= 7.1.1)
    activerecord (7.1.1)
      activemodel (= 7.1.1)
      activesupport (= 7.1.1)
      timeout (>= 0.4.0)
    activesupport (7.1.1)
      base64
      bigdecimal
      concurrent-ruby (~> 1.0, >= 1.0.2)
      connection_pool (>= 2.2.5)
      drb
      i18n (>= 1.6, < 2)
      minitest (>= 5.1)
      mutex_m
      tzinfo (~> 2.0)
    appraisal (2.5.0)
      bundler
      rake
      thor (>= 0.14.0)
    base64 (0.2.0)
    bigdecimal (3.1.8)
    concurrent-ruby (1.3.3)
    connection_pool (2.4.1)
    database_cleaner (2.0.2)
      database_cleaner-active_record (>= 2, < 3)
    database_cleaner-active_record (2.1.0)
      activerecord (>= 5.a)
      database_cleaner-core (~> 2.0.0)
    database_cleaner-core (2.0.1)
    drb (2.2.1)
    hashie (5.0.0)
    hashie-forbidden_attributes (0.1.1)
      hashie (>= 3.0)
    i18n (1.14.5)
      concurrent-ruby (~> 1.0)
    minitest (5.23.1)
    mutex_m (0.2.0)
    otr-activerecord (2.2.0)
      activerecord (>= 4.0, < 7.2)
      hashie-forbidden_attributes (~> 0.1)
    rake (13.2.1)
    sqlite3 (1.7.3-aarch64-linux)
    sqlite3 (1.7.3-arm64-darwin)
    thor (1.3.1)
    timeout (0.4.1)
    tzinfo (2.0.6)
      concurrent-ruby (~> 1.0)

PLATFORMS
  aarch64-linux
  arm64-darwin

DEPENDENCIES
  activerecord (= 7.1.1)
  appraisal (~> 2.5)
  database_cleaner
  minitest
  otr-activerecord (~> 2.2.0)
  rake
  sqlite3 (~> 1.7.3)
  uberloader!

BUNDLED WITH
   2.5.6
